{
    "_readme": [
        "This file locks the dependencies of your project to a known state",
        "Read more about it at https://getcomposer.org/doc/01-basic-usage.md#composer-lock-the-lock-file",
        "This file is @generated automatically"
    ],
    "content-hash": "b83ab3d9edf37f0395b61f0a25fad0be",
    "packages": [
        {
            "name": "dusank/knapsack",
            "version": "10.0.0",
            "source": {
                "type": "git",
                "url": "https://github.com/DusanKasan/Knapsack.git",
                "reference": "cc29a0bbaadbfcb958b98aa4fd69a4ad7d173bba"
            },
            "dist": {
                "type": "zip",
                "url": "https://api.github.com/repos/DusanKasan/Knapsack/zipball/cc29a0bbaadbfcb958b98aa4fd69a4ad7d173bba",
                "reference": "cc29a0bbaadbfcb958b98aa4fd69a4ad7d173bba",
                "shasum": ""
            },
            "require": {
                "php": ">=5.6.0"
            },
            "require-dev": {
                "ciaranmcnulty/phpspec-typehintedmethods": "^1.0",
                "henrikbjorn/phpspec-code-coverage": "^2.0",
                "phpmd/phpmd": "^2.0",
                "phpspec/phpspec": "^2.0",
                "phpunit/phpunit": "^5.0",
                "squizlabs/php_codesniffer": "^2.0",
                "symfony/console": "^2.7"
            },
            "type": "library",
            "autoload": {
                "files": [
                    "src/collection_functions.php",
                    "src/utility_functions.php"
                ],
                "psr-4": {
                    "DusanKasan\\Knapsack\\": "src/"
                }
            },
            "notification-url": "https://packagist.org/downloads/",
            "license": [
                "MIT"
            ],
            "authors": [
                {
                    "name": "Dusan Kasan",
                    "email": "dusan@kasan.sk",
                    "homepage": "http://kasan.sk",
                    "role": "Developer"
                }
            ],
            "description": "Collection library for PHP",
            "homepage": "https://github.com/DusanKasan/Knapsack",
            "keywords": [
                "collections",
                "map",
                "reduce",
                "sequences"
            ],
            "time": "2017-04-24T22:52:29+00:00"
        },
        {
            "name": "fightbulc/moment",
            "version": "1.26.10",
            "source": {
                "type": "git",
                "url": "https://github.com/fightbulc/moment.php.git",
                "reference": "2fe6607fdbbd45b48708f539c70fde89ca9d10e6"
            },
            "dist": {
                "type": "zip",
                "url": "https://api.github.com/repos/fightbulc/moment.php/zipball/2fe6607fdbbd45b48708f539c70fde89ca9d10e6",
                "reference": "2fe6607fdbbd45b48708f539c70fde89ca9d10e6",
                "shasum": ""
            },
            "require": {
                "php": ">=5.3.0"
            },
            "require-dev": {
                "phpunit/phpunit": "4.2.*"
            },
            "type": "library",
            "autoload": {
                "psr-4": {
                    "Moment\\": "src/"
                }
            },
            "notification-url": "https://packagist.org/downloads/",
            "license": [
                "MIT"
            ],
            "authors": [
                {
                    "name": "Ashish Tilara",
                    "email": "ashish@itcutives.com",
                    "role": "developer"
                },
                {
                    "name": "Jaroslaw Kozak",
                    "email": "jaroslaw.kozak68@gmail.com",
                    "role": "developer"
                },
                {
                    "name": "Tino Ehrich",
                    "email": "tino@bigpun.me",
                    "role": "developer"
                }
            ],
            "description": "Parse, validate, manipulate, and display dates in PHP w/ i18n support. Inspired by moment.js",
            "keywords": [
                "date",
                "display",
                "format",
                "i18n",
                "locale",
                "manipulate",
                "moment",
                "parse",
                "time",
                "translation",
                "validate"
            ],
            "time": "2017-08-14T05:06:04+00:00"
        },
        {
            "name": "kriswallsmith/assetic",
            "version": "v1.4.0",
            "source": {
                "type": "git",
                "url": "https://github.com/kriswallsmith/assetic.git",
                "reference": "e911c437dbdf006a8f62c2f59b15b2d69a5e0aa1"
            },
            "dist": {
                "type": "zip",
                "url": "https://api.github.com/repos/kriswallsmith/assetic/zipball/e911c437dbdf006a8f62c2f59b15b2d69a5e0aa1",
                "reference": "e911c437dbdf006a8f62c2f59b15b2d69a5e0aa1",
                "shasum": ""
            },
            "require": {
                "php": ">=5.3.1",
                "symfony/process": "~2.1|~3.0"
            },
            "conflict": {
                "twig/twig": "<1.27"
            },
            "require-dev": {
                "leafo/lessphp": "^0.3.7",
                "leafo/scssphp": "~0.1",
                "meenie/javascript-packer": "^1.1",
                "mrclay/minify": "<2.3",
                "natxet/cssmin": "3.0.4",
                "patchwork/jsqueeze": "~1.0|~2.0",
                "phpunit/phpunit": "~4.8 || ^5.6",
                "psr/log": "~1.0",
                "ptachoire/cssembed": "~1.0",
                "symfony/phpunit-bridge": "~2.7|~3.0",
                "twig/twig": "~1.23|~2.0",
                "yfix/packager": "dev-master"
            },
            "suggest": {
                "leafo/lessphp": "Assetic provides the integration with the lessphp LESS compiler",
                "leafo/scssphp": "Assetic provides the integration with the scssphp SCSS compiler",
                "leafo/scssphp-compass": "Assetic provides the integration with the SCSS compass plugin",
                "patchwork/jsqueeze": "Assetic provides the integration with the JSqueeze JavaScript compressor",
                "ptachoire/cssembed": "Assetic provides the integration with phpcssembed to embed data uris",
                "twig/twig": "Assetic provides the integration with the Twig templating engine"
            },
            "type": "library",
            "extra": {
                "branch-alias": {
                    "dev-master": "1.4-dev"
                }
            },
            "autoload": {
                "psr-0": {
                    "Assetic": "src/"
                },
                "files": [
                    "src/functions.php"
                ]
            },
            "notification-url": "https://packagist.org/downloads/",
            "license": [
                "MIT"
            ],
            "authors": [
                {
                    "name": "Kris Wallsmith",
                    "email": "kris.wallsmith@gmail.com",
                    "homepage": "http://kriswallsmith.net/"
                }
            ],
            "description": "Asset Management for PHP",
            "homepage": "https://github.com/kriswallsmith/assetic",
            "keywords": [
                "assets",
                "compression",
                "minification"
            ],
            "time": "2016-11-11T18:43:20+00:00"
        },
        {
            "name": "simplon/component_form",
            "version": "0.1.12",
            "source": {
                "type": "git",
                "url": "https://github.com/fightbulc/simplon_component_form.git",
                "reference": "5a54ebcf1c90c38569ea547581aeaaa83d734fe8"
            },
            "dist": {
                "type": "zip",
                "url": "https://api.github.com/repos/fightbulc/simplon_component_form/zipball/5a54ebcf1c90c38569ea547581aeaaa83d734fe8",
                "reference": "5a54ebcf1c90c38569ea547581aeaaa83d734fe8",
                "shasum": ""
            },
            "require": {
                "simplon/components": "*"
            },
            "type": "component",
            "extra": {
                "component": {
                    "files": [
                        "simplon-form/base.min.css",
                        "simplon-form/base.min.js",
                        "momentjs/2.17.x/moment-with-locales.min.js",
                        "momentjs/2.17.x/timezone.min.js",
                        "image-upload/bundle.min.css",
                        "image-upload/bundle.min.js",
                        "handlebars/4.0.x/handlebars.min.js",
                        "uikit/3.0.x/css/uikit.min.css",
                        "uikit/3.0.x/js/uikit.min.js",
                        "uikit/3.0.x/js/uikit-icons.min.js"
                    ]
                }
            },
            "notification-url": "https://packagist.org/downloads/",
            "authors": [
                {
                    "name": "Tino Ehrich",
                    "email": "tino@bigpun.me",
                    "role": "developer"
                }
            ],
            "description": "Assets required for simplon/form",
            "time": "2017-09-27T12:53:05+00:00"
        },
        {
            "name": "simplon/component_semanticui",
            "version": "0.0.22",
            "source": {
                "type": "git",
                "url": "https://github.com/fightbulc/simplon_component_semanticui.git",
                "reference": "7b479a1f02af492d5700f8f77dc9953c816370d3"
            },
            "dist": {
                "type": "zip",
                "url": "https://api.github.com/repos/fightbulc/simplon_component_semanticui/zipball/7b479a1f02af492d5700f8f77dc9953c816370d3",
                "reference": "7b479a1f02af492d5700f8f77dc9953c816370d3",
                "shasum": ""
            },
            "require": {
                "simplon/components": "*"
            },
            "type": "component",
            "extra": {
                "component": {
                    "files": [
                        "jquery/3.2.x/jquery.min.js",
                        "semantic-ui/2.2.x/themes/basic/assets/fonts/icons.eot",
                        "semantic-ui/2.2.x/themes/basic/assets/fonts/icons.svg",
                        "semantic-ui/2.2.x/themes/basic/assets/fonts/icons.ttf",
                        "semantic-ui/2.2.x/themes/basic/assets/fonts/icons.woff",
                        "semantic-ui/2.2.x/themes/default/assets/fonts/icons.eot",
                        "semantic-ui/2.2.x/themes/default/assets/fonts/icons.otf",
                        "semantic-ui/2.2.x/themes/default/assets/fonts/icons.svg",
                        "semantic-ui/2.2.x/themes/default/assets/fonts/icons.ttf",
                        "semantic-ui/2.2.x/themes/default/assets/fonts/icons.woff",
                        "semantic-ui/2.2.x/themes/default/assets/fonts/icons.woff2",
                        "semantic-ui/2.2.x/themes/default/assets/images/flags.png",
                        "semantic-ui/2.2.x/themes/github/assets/fonts/octicons-local.ttf",
                        "semantic-ui/2.2.x/themes/github/assets/fonts/octicons.svg",
                        "semantic-ui/2.2.x/themes/github/assets/fonts/octicons.ttf",
                        "semantic-ui/2.2.x/themes/github/assets/fonts/octicons.woff",
                        "semantic-ui/2.2.x/themes/material/assets/fonts/icons.eot",
                        "semantic-ui/2.2.x/themes/material/assets/fonts/icons.svg",
                        "semantic-ui/2.2.x/themes/material/assets/fonts/icons.ttf",
                        "semantic-ui/2.2.x/themes/material/assets/fonts/icons.woff",
                        "semantic-ui/2.2.x/themes/material/assets/fonts/icons.woff2",
                        "semantic-ui/2.2.x/components/accordion.css",
                        "semantic-ui/2.2.x/components/accordion.js",
                        "semantic-ui/2.2.x/components/accordion.min.css",
                        "semantic-ui/2.2.x/components/accordion.min.js",
                        "semantic-ui/2.2.x/components/ad.css",
                        "semantic-ui/2.2.x/components/ad.min.css",
                        "semantic-ui/2.2.x/components/api.js",
                        "semantic-ui/2.2.x/components/api.min.js",
                        "semantic-ui/2.2.x/components/breadcrumb.css",
                        "semantic-ui/2.2.x/components/breadcrumb.min.css",
                        "semantic-ui/2.2.x/components/button.css",
                        "semantic-ui/2.2.x/components/button.min.css",
                        "semantic-ui/2.2.x/components/card.css",
                        "semantic-ui/2.2.x/components/card.min.css",
                        "semantic-ui/2.2.x/components/checkbox.css",
                        "semantic-ui/2.2.x/components/checkbox.js",
                        "semantic-ui/2.2.x/components/checkbox.min.css",
                        "semantic-ui/2.2.x/components/checkbox.min.js",
                        "semantic-ui/2.2.x/components/colorize.js",
                        "semantic-ui/2.2.x/components/colorize.min.js",
                        "semantic-ui/2.2.x/components/comment.css",
                        "semantic-ui/2.2.x/components/comment.min.css",
                        "semantic-ui/2.2.x/components/container.css",
                        "semantic-ui/2.2.x/components/container.min.css",
                        "semantic-ui/2.2.x/components/dimmer.css",
                        "semantic-ui/2.2.x/components/dimmer.js",
                        "semantic-ui/2.2.x/components/dimmer.min.css",
                        "semantic-ui/2.2.x/components/dimmer.min.js",
                        "semantic-ui/2.2.x/components/divider.css",
                        "semantic-ui/2.2.x/components/divider.min.css",
                        "semantic-ui/2.2.x/components/dropdown.css",
                        "semantic-ui/2.2.x/components/dropdown.js",
                        "semantic-ui/2.2.x/components/dropdown.min.css",
                        "semantic-ui/2.2.x/components/dropdown.min.js",
                        "semantic-ui/2.2.x/components/embed.css",
                        "semantic-ui/2.2.x/components/embed.js",
                        "semantic-ui/2.2.x/components/embed.min.css",
                        "semantic-ui/2.2.x/components/embed.min.js",
                        "semantic-ui/2.2.x/components/feed.css",
                        "semantic-ui/2.2.x/components/feed.min.css",
                        "semantic-ui/2.2.x/components/flag.css",
                        "semantic-ui/2.2.x/components/flag.min.css",
                        "semantic-ui/2.2.x/components/form.css",
                        "semantic-ui/2.2.x/components/form.js",
                        "semantic-ui/2.2.x/components/form.min.css",
                        "semantic-ui/2.2.x/components/form.min.js",
                        "semantic-ui/2.2.x/components/grid.css",
                        "semantic-ui/2.2.x/components/grid.min.css",
                        "semantic-ui/2.2.x/components/header.css",
                        "semantic-ui/2.2.x/components/header.min.css",
                        "semantic-ui/2.2.x/components/icon.css",
                        "semantic-ui/2.2.x/components/icon.min.css",
                        "semantic-ui/2.2.x/components/image.css",
                        "semantic-ui/2.2.x/components/image.min.css",
                        "semantic-ui/2.2.x/components/input.css",
                        "semantic-ui/2.2.x/components/input.min.css",
                        "semantic-ui/2.2.x/components/item.css",
                        "semantic-ui/2.2.x/components/item.min.css",
                        "semantic-ui/2.2.x/components/label.css",
                        "semantic-ui/2.2.x/components/label.min.css",
                        "semantic-ui/2.2.x/components/list.css",
                        "semantic-ui/2.2.x/components/list.min.css",
                        "semantic-ui/2.2.x/components/loader.css",
                        "semantic-ui/2.2.x/components/loader.min.css",
                        "semantic-ui/2.2.x/components/menu.css",
                        "semantic-ui/2.2.x/components/menu.min.css",
                        "semantic-ui/2.2.x/components/message.css",
                        "semantic-ui/2.2.x/components/message.min.css",
                        "semantic-ui/2.2.x/components/modal.css",
                        "semantic-ui/2.2.x/components/modal.js",
                        "semantic-ui/2.2.x/components/modal.min.css",
                        "semantic-ui/2.2.x/components/modal.min.js",
                        "semantic-ui/2.2.x/components/nag.css",
                        "semantic-ui/2.2.x/components/nag.js",
                        "semantic-ui/2.2.x/components/nag.min.css",
                        "semantic-ui/2.2.x/components/nag.min.js",
                        "semantic-ui/2.2.x/components/popup.css",
                        "semantic-ui/2.2.x/components/popup.js",
                        "semantic-ui/2.2.x/components/popup.min.css",
                        "semantic-ui/2.2.x/components/popup.min.js",
                        "semantic-ui/2.2.x/components/progress.css",
                        "semantic-ui/2.2.x/components/progress.js",
                        "semantic-ui/2.2.x/components/progress.min.css",
                        "semantic-ui/2.2.x/components/progress.min.js",
                        "semantic-ui/2.2.x/components/rail.css",
                        "semantic-ui/2.2.x/components/rail.min.css",
                        "semantic-ui/2.2.x/components/rating.css",
                        "semantic-ui/2.2.x/components/rating.js",
                        "semantic-ui/2.2.x/components/rating.min.css",
                        "semantic-ui/2.2.x/components/rating.min.js",
                        "semantic-ui/2.2.x/components/reset.css",
                        "semantic-ui/2.2.x/components/reset.min.css",
                        "semantic-ui/2.2.x/components/reveal.css",
                        "semantic-ui/2.2.x/components/reveal.min.css",
                        "semantic-ui/2.2.x/components/search.css",
                        "semantic-ui/2.2.x/components/search.js",
                        "semantic-ui/2.2.x/components/search.min.css",
                        "semantic-ui/2.2.x/components/search.min.js",
                        "semantic-ui/2.2.x/components/segment.css",
                        "semantic-ui/2.2.x/components/segment.min.css",
                        "semantic-ui/2.2.x/components/shape.css",
                        "semantic-ui/2.2.x/components/shape.js",
                        "semantic-ui/2.2.x/components/shape.min.css",
                        "semantic-ui/2.2.x/components/shape.min.js",
                        "semantic-ui/2.2.x/components/sidebar.css",
                        "semantic-ui/2.2.x/components/sidebar.js",
                        "semantic-ui/2.2.x/components/sidebar.min.css",
                        "semantic-ui/2.2.x/components/sidebar.min.js",
                        "semantic-ui/2.2.x/components/site.css",
                        "semantic-ui/2.2.x/components/site.js",
                        "semantic-ui/2.2.x/components/site.min.css",
                        "semantic-ui/2.2.x/components/site.min.js",
                        "semantic-ui/2.2.x/components/state.js",
                        "semantic-ui/2.2.x/components/state.min.js",
                        "semantic-ui/2.2.x/components/statistic.css",
                        "semantic-ui/2.2.x/components/statistic.min.css",
                        "semantic-ui/2.2.x/components/step.css",
                        "semantic-ui/2.2.x/components/step.min.css",
                        "semantic-ui/2.2.x/components/sticky.css",
                        "semantic-ui/2.2.x/components/sticky.js",
                        "semantic-ui/2.2.x/components/sticky.min.css",
                        "semantic-ui/2.2.x/components/sticky.min.js",
                        "semantic-ui/2.2.x/components/tab.css",
                        "semantic-ui/2.2.x/components/tab.js",
                        "semantic-ui/2.2.x/components/tab.min.css",
                        "semantic-ui/2.2.x/components/tab.min.js",
                        "semantic-ui/2.2.x/components/table.css",
                        "semantic-ui/2.2.x/components/table.min.css",
                        "semantic-ui/2.2.x/components/transition.css",
                        "semantic-ui/2.2.x/components/transition.js",
                        "semantic-ui/2.2.x/components/transition.min.css",
                        "semantic-ui/2.2.x/components/transition.min.js",
                        "semantic-ui/2.2.x/components/video.css",
                        "semantic-ui/2.2.x/components/video.js",
                        "semantic-ui/2.2.x/components/video.min.css",
                        "semantic-ui/2.2.x/components/video.min.js",
                        "semantic-ui/2.2.x/components/visibility.js",
                        "semantic-ui/2.2.x/components/visibility.min.js",
                        "semantic-ui/2.2.x/components/visit.js",
                        "semantic-ui/2.2.x/components/visit.min.js",
                        "semantic-ui/2.2.x/semantic.css",
                        "semantic-ui/2.2.x/semantic.min.css",
                        "semantic-ui/2.2.x/semantic.js",
                        "semantic-ui/2.2.x/semantic.min.js",
                        "semantic-calendar/0.0.x/calendar.css",
                        "semantic-calendar/0.0.x/calendar.min.css",
                        "semantic-calendar/0.0.x/calendar.js",
                        "semantic-calendar/0.0.x/calendar.min.js"
                    ]
                }
            },
            "notification-url": "https://packagist.org/downloads/",
            "authors": [
                {
                    "name": "Jack Lukic",
                    "email": "jacklukic@gmail.com",
                    "homepage": "http://www.jacklukic.com",
                    "role": "Creator"
                }
            ],
            "description": "Semantic empowers designers and developers by creating a shared vocabulary for UI.",
            "homepage": "http://www.semantic-ui.com",
            "time": "2017-09-27T08:51:32+00:00"
        },
        {
            "name": "simplon/components",
            "version": "0.0.2",
            "source": {
                "type": "git",
                "url": "https://github.com/fightbulc/simplon_components.git",
                "reference": "64a49b4d9d9a7b342fd1008d50fbde0edcea58b2"
            },
            "dist": {
                "type": "zip",
                "url": "https://api.github.com/repos/fightbulc/simplon_components/zipball/64a49b4d9d9a7b342fd1008d50fbde0edcea58b2",
                "reference": "64a49b4d9d9a7b342fd1008d50fbde0edcea58b2",
                "shasum": ""
            },
            "require": {
                "composer-plugin-api": "^1.0",
                "kriswallsmith/assetic": "1.*",
                "php": ">=5.4"
            },
            "require-dev": {
                "composer/composer": "1.*@alpha",
                "phpunit/phpunit": "4.*"
            },
            "type": "composer-plugin",
            "extra": {
                "branch-alias": {
                    "dev-master": "1.0.x-dev"
                },
                "class": "ComponentInstaller\\ComponentInstallerPlugin"
            },
            "autoload": {
                "psr-4": {
                    "ComponentInstaller\\": "src/"
                }
            },
            "notification-url": "https://packagist.org/downloads/",
            "license": [
                "MIT"
            ],
            "authors": [
                {
                    "name": "Rob Loach",
                    "homepage": "http://robloach.net"
                }
            ],
            "description": "Allows installation of Components via Composer.",
            "time": "2015-10-19T15:57:27+00:00"
        },
        {
            "name": "simplon/helper",
            "version": "1.0.7",
            "source": {
                "type": "git",
                "url": "https://github.com/fightbulc/simplon_helper.git",
                "reference": "50b9078a5c2fb35a57e9cdcf48bf60142a8964ee"
            },
            "dist": {
                "type": "zip",
                "url": "https://api.github.com/repos/fightbulc/simplon_helper/zipball/50b9078a5c2fb35a57e9cdcf48bf60142a8964ee",
                "reference": "50b9078a5c2fb35a57e9cdcf48bf60142a8964ee",
                "shasum": ""
            },
            "require": {
                "dusank/knapsack": "^10.0",
                "php": ">=7.1"
            },
            "type": "library",
            "autoload": {
                "psr-4": {
                    "Simplon\\Helper\\": "src/"
                }
            },
            "notification-url": "https://packagist.org/downloads/",
            "license": [
                "MIT"
            ],
            "authors": [
                {
                    "name": "Tino Ehrich",
                    "email": "tino@bigpun.me",
                    "role": "developer"
                }
            ],
            "description": "Helpers for recurring requirements",
            "homepage": "https://github.com/fightbulc/simplon_helper",
            "keywords": [
                "casts",
                "passwords",
                "tokens"
            ],
            "time": "2017-08-16T11:03:50+00:00"
        },
        {
            "name": "simplon/phtml",
            "version": "0.2.0",
            "source": {
                "type": "git",
                "url": "https://github.com/fightbulc/simplon_phtml.git",
                "reference": "89a7a1dbf9ab70dbfba8a7170897129d533bb5ae"
            },
            "dist": {
                "type": "zip",
                "url": "https://api.github.com/repos/fightbulc/simplon_phtml/zipball/89a7a1dbf9ab70dbfba8a7170897129d533bb5ae",
                "reference": "89a7a1dbf9ab70dbfba8a7170897129d533bb5ae",
                "shasum": ""
            },
            "require": {
                "php": ">=5.4"
            },
            "type": "library",
            "autoload": {
                "psr-4": {
                    "Simplon\\Phtml\\": "src/"
                }
            },
            "notification-url": "https://packagist.org/downloads/",
            "license": [
                "MIT"
            ],
            "authors": [
                {
                    "name": "Tino Ehrich",
                    "email": "tino@bigpun.me",
                    "role": "developer"
                }
            ],
            "description": "Simple, straight forward implementation of php templates.",
            "homepage": "https://github.com/fightbulc/simplon_phtml",
            "keywords": [
                "php",
                "phtml",
                "template"
            ],
            "time": "2017-02-23T17:14:23+00:00"
        },
        {
            "name": "symfony/process",
            "version": "v3.3.9",
            "source": {
                "type": "git",
                "url": "https://github.com/symfony/process.git",
                "reference": "b7666e9b438027a1ea0e1ee813ec5042d5d7f6f0"
            },
            "dist": {
                "type": "zip",
                "url": "https://api.github.com/repos/symfony/process/zipball/b7666e9b438027a1ea0e1ee813ec5042d5d7f6f0",
                "reference": "b7666e9b438027a1ea0e1ee813ec5042d5d7f6f0",
                "shasum": ""
            },
            "require": {
                "php": "^5.5.9|>=7.0.8"
            },
            "type": "library",
            "extra": {
                "branch-alias": {
                    "dev-master": "3.3-dev"
                }
            },
            "autoload": {
                "psr-4": {
                    "Symfony\\Component\\Process\\": ""
                },
                "exclude-from-classmap": [
                    "/Tests/"
                ]
            },
            "notification-url": "https://packagist.org/downloads/",
            "license": [
                "MIT"
            ],
            "authors": [
                {
                    "name": "Fabien Potencier",
                    "email": "fabien@symfony.com"
                },
                {
                    "name": "Symfony Community",
                    "homepage": "https://symfony.com/contributors"
                }
            ],
            "description": "Symfony Process Component",
            "homepage": "https://symfony.com",
            "time": "2017-07-29T21:54:42+00:00"
        }
    ],
    "packages-dev": [],
    "aliases": [],
    "minimum-stability": "stable",
    "stability-flags": [],
    "prefer-stable": false,
    "prefer-lowest": false,
    "platform": {
        "php": ">=7.1"
    },
    "platform-dev": []
}
